
Microsoft Visual Studio Solution File, Format Version 12.00
# Visual Studio Version 17
VisualStudioVersion = 17.0.31903.59
MinimumVisualStudioVersion = 10.0.40219.1
Project("{FAE04EC0-301F-11D3-BF4B-00C04F79EFBC}") = "OnlineComputerStore.Core", "OnlineComputerStore.Core\OnlineComputerStore.Core.csproj", "{6ABC73C9-B615-4126-9C42-8FC7816157CD}"
EndProject
Project("{FAE04EC0-301F-11D3-BF4B-00C04F79EFBC}") = "OnlineComputerStore.Tests", "OnlineComputerStore.Tests\OnlineComputerStore.Tests.csproj", "{9CB4ECE9-1A46-4F1F-8126-A42AC7761F05}"
EndProject
Global
	GlobalSection(SolutionConfigurationPlatforms) = preSolution
		Debug|Any CPU = Debug|Any CPU
		Release|Any CPU = Release|Any CPU
	EndGlobalSection
	GlobalSection(SolutionProperties) = preSolution
		HideSolutionNode = FALSE
	EndGlobalSection
	GlobalSection(ProjectConfigurationPlatforms) = postSolution
		{6ABC73C9-B615-4126-9C42-8FC7816157CD}.Debug|Any CPU.ActiveCfg = Debug|Any CPU
		{6ABC73C9-B615-4126-9C42-8FC7816157CD}.Debug|Any CPU.Build.0 = Debug|Any CPU
		{6ABC73C9-B615-4126-9C42-8FC7816157CD}.Release|Any CPU.ActiveCfg = Release|Any CPU
		{6ABC73C9-B615-4126-9C42-8FC7816157CD}.Release|Any CPU.Build.0 = Release|Any CPU
		{9CB4ECE9-1A46-4F1F-8126-A42AC7761F05}.Debug|Any CPU.ActiveCfg = Debug|Any CPU
		{9CB4ECE9-1A46-4F1F-8126-A42AC7761F05}.Debug|Any CPU.Build.0 = Debug|Any CPU
		{9CB4ECE9-1A46-4F1F-8126-A42AC7761F05}.Release|Any CPU.ActiveCfg = Release|Any CPU
		{9CB4ECE9-1A46-4F1F-8126-A42AC7761F05}.Release|Any CPU.Build.0 = Release|Any CPU
	EndGlobalSection
EndGlobal
